
Microsoft Visual Studio Solution File, Format Version 12.00
# Visual Studio 15
VisualStudioVersion = 15.0.28307.168
MinimumVisualStudioVersion = 10.0.40219.1
Project("{FAE04EC0-301F-11D3-BF4B-00C04F79EFBC}") = "Dotnet-Unit-UI-SpecFlow.WebApp", "Dotnet-Unit-UI-SpecFlow.WebApp\Dotnet-Unit-UI-SpecFlow.WebApp.csproj", "{434206A0-EBDA-440E-90A3-EA4CAA69FA50}"
EndProject
Project("{FAE04EC0-301F-11D3-BF4B-00C04F79EFBC}") = "Dotnet-Unit-UI-SpecFlow.UI.Tests", "Dotnet-Unit-UI-SpecFlow.UI.Tests\Dotnet-Unit-UI-SpecFlow.UI.Tests.csproj", "{DE49592B-DACA-41EE-82AE-DD5D8B488CD9}"
EndProject
Project("{FAE04EC0-301F-11D3-BF4B-00C04F79EFBC}") = "Dotnet-Unit-UI-SpecFlow.Unit.Tests", "Dotnet-Unit-UI-SpecFlow.Unit.Tests\Dotnet-Unit-UI-SpecFlow.Unit.Tests.csproj", "{1397F65C-5C0A-4C87-95AC-4DEF63AB61F4}"
EndProject
Global
	GlobalSection(SolutionConfigurationPlatforms) = preSolution
		Debug|Any CPU = Debug|Any CPU
		Release|Any CPU = Release|Any CPU
	EndGlobalSection
	GlobalSection(ProjectConfigurationPlatforms) = postSolution
		{434206A0-EBDA-440E-90A3-EA4CAA69FA50}.Debug|Any CPU.ActiveCfg = Debug|Any CPU
		{434206A0-EBDA-440E-90A3-EA4CAA69FA50}.Debug|Any CPU.Build.0 = Debug|Any CPU
		{434206A0-EBDA-440E-90A3-EA4CAA69FA50}.Release|Any CPU.ActiveCfg = Release|Any CPU
		{434206A0-EBDA-440E-90A3-EA4CAA69FA50}.Release|Any CPU.Build.0 = Release|Any CPU
		{DE49592B-DACA-41EE-82AE-DD5D8B488CD9}.Debug|Any CPU.ActiveCfg = Debug|Any CPU
		{DE49592B-DACA-41EE-82AE-DD5D8B488CD9}.Debug|Any CPU.Build.0 = Debug|Any CPU
		{DE49592B-DACA-41EE-82AE-DD5D8B488CD9}.Release|Any CPU.ActiveCfg = Release|Any CPU
		{DE49592B-DACA-41EE-82AE-DD5D8B488CD9}.Release|Any CPU.Build.0 = Release|Any CPU
		{1397F65C-5C0A-4C87-95AC-4DEF63AB61F4}.Debug|Any CPU.ActiveCfg = Debug|Any CPU
		{1397F65C-5C0A-4C87-95AC-4DEF63AB61F4}.Debug|Any CPU.Build.0 = Debug|Any CPU
		{1397F65C-5C0A-4C87-95AC-4DEF63AB61F4}.Release|Any CPU.ActiveCfg = Release|Any CPU
		{1397F65C-5C0A-4C87-95AC-4DEF63AB61F4}.Release|Any CPU.Build.0 = Release|Any CPU
	EndGlobalSection
	GlobalSection(SolutionProperties) = preSolution
		HideSolutionNode = FALSE
	EndGlobalSection
	GlobalSection(ExtensibilityGlobals) = postSolution
		SolutionGuid = {BCBB479C-5317-48CD-8314-9315E903FF3F}
	EndGlobalSection
EndGlobal
